
Microsoft Visual Studio Solution File, Format Version 12.00
# Visual Studio Version 17
VisualStudioVersion = 17.6.33815.320
MinimumVisualStudioVersion = 10.0.40219.1
Project("{FAE04EC0-301F-11D3-BF4B-00C04F79EFBC}") = "ChatBook", "ChatBook.csproj", "{5177395E-9B4B-461D-9F6D-54338197916B}"
EndProject
Global
	GlobalSection(SolutionConfigurationPlatforms) = preSolution
		Debug|Any CPU = Debug|Any CPU
		Release|Any CPU = Release|Any CPU
	EndGlobalSection
	GlobalSection(ProjectConfigurationPlatforms) = postSolution
		{5177395E-9B4B-461D-9F6D-54338197916B}.Debug|Any CPU.ActiveCfg = Debug|Any CPU
		{5177395E-9B4B-461D-9F6D-54338197916B}.Debug|Any CPU.Build.0 = Debug|Any CPU
		{5177395E-9B4B-461D-9F6D-54338197916B}.Release|Any CPU.ActiveCfg = Release|Any CPU
		{5177395E-9B4B-461D-9F6D-54338197916B}.Release|Any CPU.Build.0 = Release|Any CPU
	EndGlobalSection
	GlobalSection(SolutionProperties) = preSolution
		HideSolutionNode = FALSE
	EndGlobalSection
	GlobalSection(ExtensibilityGlobals) = postSolution
		SolutionGuid = {19ADEF39-AFD3-4941-97FF-8A250413EDDC}
	EndGlobalSection
EndGlobal
